dependencies:
- name: bff
  repository: file://../bff
  version: 0.2.1
- name: customer-management
  repository: file://../customer-management
  version: 0.1.0
- name: demo-ui
  repository: file://../demo-ui
  version: 0.2.1
- name: party-management
  repository: file://../party-management
  version: 0.1.0
- name: pocv
  repository: file://../pocv
  version: 0.1.0
- name: product-catalog-management
  repository: file://../product-catalog-management
  version: 0.1.0
- name: qualification
  repository: file://../qualification
  version: 0.1.0
- name: shopping-cart
  repository: file://../shopping-cart
  version: 0.1.0
digest: sha256:8eb8372696f2fe6b7d4da877eb48d42f43d26ebb04355799aa20dc50d458ded0
generated: "2026-04-19T00:07:55.987292518+03:00"
