dependencies:
- name: bff
  repository: file://../bff
  version: 0.2.0
- name: customer-management
  repository: file://../customer-management
  version: 0.1.0
- name: demo-ui
  repository: file://../demo-ui
  version: 0.2.1
- name: party-management
  repository: file://../party-management
  version: 0.1.0
- name: pocv
  repository: file://../pocv
  version: 0.1.0
- name: product-catalog-management
  repository: file://../product-catalog-management
  version: 0.1.0
- name: qualification
  repository: file://../qualification
  version: 0.1.0
- name: shopping-cart
  repository: file://../shopping-cart
  version: 0.1.0
digest: sha256:cb130a3fae3ab6c51f91b504717256490aed2e243610680e04ce18fd3043f4f2
generated: "2026-04-18T22:57:41.53670856+03:00"
